
Microsoft Visual Studio Solution File, Format Version 12.00
# Visual Studio Version 17
VisualStudioVersion = 17.5.33502.453
MinimumVisualStudioVersion = 10.0.40219.1
Project("{9A19103F-16F7-4668-BE54-9A1E7A4F7556}") = "CSharpSolutionGPL", "CSharpSolutionGPL.csproj", "{3B003438-0823-4B1D-93CB-087D2FE340DA}"
EndProject
Project("{9A19103F-16F7-4668-BE54-9A1E7A4F7556}") = "SolutionDriverNet", "..\..\utils\SolutionDriverNet\SolutionDriverNet.csproj", "{02DE80D0-07DE-4BB7-A41D-63D579DEE6A6}"
EndProject
Project("{9A19103F-16F7-4668-BE54-9A1E7A4F7556}") = "NMF", "..\nmf\NMF.csproj", "{FF1A2F47-4272-4476-87E0-F57CEB6B69E4}"
EndProject
Global
	GlobalSection(SolutionConfigurationPlatforms) = preSolution
		Debug|Any CPU = Debug|Any CPU
		Release|Any CPU = Release|Any CPU
	EndGlobalSection
	GlobalSection(ProjectConfigurationPlatforms) = postSolution
		{3B003438-0823-4B1D-93CB-087D2FE340DA}.Debug|Any CPU.ActiveCfg = Debug|Any CPU
		{3B003438-0823-4B1D-93CB-087D2FE340DA}.Debug|Any CPU.Build.0 = Debug|Any CPU
		{3B003438-0823-4B1D-93CB-087D2FE340DA}.Release|Any CPU.ActiveCfg = Release|Any CPU
		{3B003438-0823-4B1D-93CB-087D2FE340DA}.Release|Any CPU.Build.0 = Release|Any CPU
		{02DE80D0-07DE-4BB7-A41D-63D579DEE6A6}.Debug|Any CPU.ActiveCfg = Debug|Any CPU
		{02DE80D0-07DE-4BB7-A41D-63D579DEE6A6}.Debug|Any CPU.Build.0 = Debug|Any CPU
		{02DE80D0-07DE-4BB7-A41D-63D579DEE6A6}.Release|Any CPU.ActiveCfg = Release|Any CPU
		{02DE80D0-07DE-4BB7-A41D-63D579DEE6A6}.Release|Any CPU.Build.0 = Release|Any CPU
		{FF1A2F47-4272-4476-87E0-F57CEB6B69E4}.Debug|Any CPU.ActiveCfg = Debug|Any CPU
		{FF1A2F47-4272-4476-87E0-F57CEB6B69E4}.Debug|Any CPU.Build.0 = Debug|Any CPU
		{FF1A2F47-4272-4476-87E0-F57CEB6B69E4}.Release|Any CPU.ActiveCfg = Release|Any CPU
		{FF1A2F47-4272-4476-87E0-F57CEB6B69E4}.Release|Any CPU.Build.0 = Release|Any CPU
	EndGlobalSection
	GlobalSection(SolutionProperties) = preSolution
		HideSolutionNode = FALSE
	EndGlobalSection
	GlobalSection(ExtensibilityGlobals) = postSolution
		SolutionGuid = {7F23BFE7-BCCF-469D-8E17-E5C5CE6A8358}
	EndGlobalSection
EndGlobal
